
Microsoft Visual Studio Solution File, Format Version 12.00
# Visual Studio Version 17
VisualStudioVersion = 17.7.34221.43
MinimumVisualStudioVersion = 10.0.40219.1
Project("{FAE04EC0-301F-11D3-BF4B-00C04F79EFBC}") = "OppgaveCodeAlongE3", "OppgaveCodeAlongE3.csproj", "{2868A39F-F3DF-4CE6-AF8B-F0EB68EA902A}"
EndProject
Project("{2150E333-8FDC-42A3-9474-1A3956D46DE8}") = "Solution Items", "Solution Items", "{491F3CE1-3DD7-46AF-B406-94BC42E9DB67}"
	ProjectSection(SolutionItems) = preProject
		Person.cs = Person.cs
	EndProjectSection
EndProject
Global
	GlobalSection(SolutionConfigurationPlatforms) = preSolution
		Debug|Any CPU = Debug|Any CPU
		Release|Any CPU = Release|Any CPU
	EndGlobalSection
	GlobalSection(ProjectConfigurationPlatforms) = postSolution
		{2868A39F-F3DF-4CE6-AF8B-F0EB68EA902A}.Debug|Any CPU.ActiveCfg = Debug|Any CPU
		{2868A39F-F3DF-4CE6-AF8B-F0EB68EA902A}.Debug|Any CPU.Build.0 = Debug|Any CPU
		{2868A39F-F3DF-4CE6-AF8B-F0EB68EA902A}.Release|Any CPU.ActiveCfg = Release|Any CPU
		{2868A39F-F3DF-4CE6-AF8B-F0EB68EA902A}.Release|Any CPU.Build.0 = Release|Any CPU
	EndGlobalSection
	GlobalSection(SolutionProperties) = preSolution
		HideSolutionNode = FALSE
	EndGlobalSection
	GlobalSection(ExtensibilityGlobals) = postSolution
		SolutionGuid = {AFC64129-FA57-45F4-9022-0CBA8D0283FE}
	EndGlobalSection
EndGlobal
